{
  "lockfile_version": "1",
  "packages": {
    "github:NixOS/nixpkgs/nixpkgs-unstable": {
      "last_modified": "2026-07-01T23:21:54Z",
      "resolved": "github:NixOS/nixpkgs/9e92285f211dad236540fd617d7e30e0b99bc0e1?lastModified=1782948114"
    },
    "go@latest": {
      "last_modified": "2026-06-27T07:37:20Z",
      "resolved": "github:NixOS/nixpkgs/3d46470bb3030020f7e1361f33514854f5bfa86d#go",
      "source": "devbox-search",
      "version": "1.26.4",
      "systems": {
        "aarch64-darwin": {
          "outputs": [
            {
              "name": "out",
              "path": "/nix/store/kyai650rrywrzflnwda9mbk2c2j9w68r-go-1.26.4",
              "default": true
            }
          ],
          "store_path": "/nix/store/kyai650rrywrzflnwda9mbk2c2j9w68r-go-1.26.4"
        },
        "aarch64-linux": {
          "outputs": [
            {
              "name": "out",
              "path": "/nix/store/lgcj27hrbanbc93xm9zdrldds7b1jrw8-go-1.26.4",
              "default": true
            }
          ],
          "store_path": "/nix/store/lgcj27hrbanbc93xm9zdrldds7b1jrw8-go-1.26.4"
        },
        "x86_64-darwin": {
          "outputs": [
            {
              "name": "out",
              "path": "/nix/store/h0z6ghmi3cihlbm163d72xs9p9nn04a1-go-1.26.4",
              "default": true
            }
          ],
          "store_path": "/nix/store/h0z6ghmi3cihlbm163d72xs9p9nn04a1-go-1.26.4"
        },
        "x86_64-linux": {
          "outputs": [
            {
              "name": "out",
              "path": "/nix/store/gb0njhqswlc5n127ikgyikvq39r40l6f-go-1.26.4",
              "default": true
            }
          ],
          "store_path": "/nix/store/gb0njhqswlc5n127ikgyikvq39r40l6f-go-1.26.4"
        }
      }
    },
    "golangci-lint@latest": {
      "last_modified": "2026-06-27T07:37:20Z",
      "resolved": "github:NixOS/nixpkgs/3d46470bb3030020f7e1361f33514854f5bfa86d#golangci-lint",
      "source": "devbox-search",
      "version": "2.12.2",
      "systems": {
        "aarch64-darwin": {
          "outputs": [
            {
              "name": "out",
              "path": "/nix/store/q0mwmg8zin7aw87bllirja1bq58mphh6-golangci-lint-2.12.2",
              "default": true
            }
          ],
          "store_path": "/nix/store/q0mwmg8zin7aw87bllirja1bq58mphh6-golangci-lint-2.12.2"
        },
        "aarch64-linux": {
          "outputs": [
            {
              "name": "out",
              "path": "/nix/store/i6f2vzix80whq7z1z1pklzflxk5nbkwd-golangci-lint-2.12.2",
              "default": true
            }
          ],
          "store_path": "/nix/store/i6f2vzix80whq7z1z1pklzflxk5nbkwd-golangci-lint-2.12.2"
        },
        "x86_64-darwin": {
          "outputs": [
            {
              "name": "out",
              "path": "/nix/store/w8c3i6vmxnnj0xixvjsa9lva3rcd2rvs-golangci-lint-2.12.2",
              "default": true
            }
          ],
          "store_path": "/nix/store/w8c3i6vmxnnj0xixvjsa9lva3rcd2rvs-golangci-lint-2.12.2"
        },
        "x86_64-linux": {
          "outputs": [
            {
              "name": "out",
              "path": "/nix/store/1r5xmhis3iq5cn3wfq2jn62yiwsb97sc-golangci-lint-2.12.2",
              "default": true
            }
          ],
          "store_path": "/nix/store/1r5xmhis3iq5cn3wfq2jn62yiwsb97sc-golangci-lint-2.12.2"
        }
      }
    },
    "gopls@latest": {
      "last_modified": "2026-06-27T07:37:20Z",
      "resolved": "github:NixOS/nixpkgs/3d46470bb3030020f7e1361f33514854f5bfa86d#gopls",
      "source": "devbox-search",
      "version": "0.22.0",
      "systems": {
        "aarch64-darwin": {
          "outputs": [
            {
              "name": "out",
              "path": "/nix/store/arv7k4nzcm19y615n1za89npjwcw4g2s-gopls-0.22.0",
              "default": true
            }
          ],
          "store_path": "/nix/store/arv7k4nzcm19y615n1za89npjwcw4g2s-gopls-0.22.0"
        },
        "aarch64-linux": {
          "outputs": [
            {
              "name": "out",
              "path": "/nix/store/w9hyh9fphlz401rhmv91sva94cpicy8q-gopls-0.22.0",
              "default": true
            }
          ],
          "store_path": "/nix/store/w9hyh9fphlz401rhmv91sva94cpicy8q-gopls-0.22.0"
        },
        "x86_64-darwin": {
          "outputs": [
            {
              "name": "out",
              "path": "/nix/store/6z8644fchcyp265bdfav43f0j99vagfd-gopls-0.22.0",
              "default": true
            }
          ],
          "store_path": "/nix/store/6z8644fchcyp265bdfav43f0j99vagfd-gopls-0.22.0"
        },
        "x86_64-linux": {
          "outputs": [
            {
              "name": "out",
              "path": "/nix/store/9p7k1w1dj1qzm6rmpb8apw4qq27mlqww-gopls-0.22.0",
              "default": true
            }
          ],
          "store_path": "/nix/store/9p7k1w1dj1qzm6rmpb8apw4qq27mlqww-gopls-0.22.0"
        }
      }
    },
    "goreleaser@latest": {
      "last_modified": "2026-06-27T07:37:20Z",
      "resolved": "github:NixOS/nixpkgs/3d46470bb3030020f7e1361f33514854f5bfa86d#goreleaser",
      "source": "devbox-search",
      "version": "2.16.0",
      "systems": {
        "aarch64-darwin": {
          "outputs": [
            {
              "name": "out",
              "path": "/nix/store/q5lp6f6xlxlqhb6r1y0px1jrbpxnwvjj-goreleaser-2.16.0",
              "default": true
            }
          ],
          "store_path": "/nix/store/q5lp6f6xlxlqhb6r1y0px1jrbpxnwvjj-goreleaser-2.16.0"
        },
        "aarch64-linux": {
          "outputs": [
            {
              "name": "out",
              "path": "/nix/store/vmf03am0fy2fis2h17vrgm6lwaxl4y5m-goreleaser-2.16.0",
              "default": true
            }
          ],
          "store_path": "/nix/store/vmf03am0fy2fis2h17vrgm6lwaxl4y5m-goreleaser-2.16.0"
        },
        "x86_64-darwin": {
          "outputs": [
            {
              "name": "out",
              "path": "/nix/store/dwfgkx0ifzzfzxkdgavqdavizzn72afx-goreleaser-2.16.0",
              "default": true
            }
          ],
          "store_path": "/nix/store/dwfgkx0ifzzfzxkdgavqdavizzn72afx-goreleaser-2.16.0"
        },
        "x86_64-linux": {
          "outputs": [
            {
              "name": "out",
              "path": "/nix/store/psmqz670rg8rm4hqkfrf4s0k7f9364p5-goreleaser-2.16.0",
              "default": true
            }
          ],
          "store_path": "/nix/store/psmqz670rg8rm4hqkfrf4s0k7f9364p5-goreleaser-2.16.0"
        }
      }
    },
    "govulncheck@latest": {
      "last_modified": "2026-06-27T07:37:20Z",
      "resolved": "github:NixOS/nixpkgs/3d46470bb3030020f7e1361f33514854f5bfa86d#govulncheck",
      "source": "devbox-search",
      "version": "1.5.0",
      "systems": {
        "aarch64-darwin": {
          "outputs": [
            {
              "name": "out",
              "path": "/nix/store/ri0i08k8kwhhwlvk8n7ncx0rbw54pfpb-govulncheck-1.5.0",
              "default": true
            }
          ],
          "store_path": "/nix/store/ri0i08k8kwhhwlvk8n7ncx0rbw54pfpb-govulncheck-1.5.0"
        },
        "aarch64-linux": {
          "outputs": [
            {
              "name": "out",
              "path": "/nix/store/8a8000jbwsandkxcyi2f0s5zbfljap8b-govulncheck-1.5.0",
              "default": true
            }
          ],
          "store_path": "/nix/store/8a8000jbwsandkxcyi2f0s5zbfljap8b-govulncheck-1.5.0"
        },
        "x86_64-darwin": {
          "outputs": [
            {
              "name": "out",
              "path": "/nix/store/ghn47vhrvnjhxfi6mhyvxp7px2xy5z76-govulncheck-1.5.0",
              "default": true
            }
          ],
          "store_path": "/nix/store/ghn47vhrvnjhxfi6mhyvxp7px2xy5z76-govulncheck-1.5.0"
        },
        "x86_64-linux": {
          "outputs": [
            {
              "name": "out",
              "path": "/nix/store/2r583m9ngrisf9nx6i12fwvpr5g3as0i-govulncheck-1.5.0",
              "default": true
            }
          ],
          "store_path": "/nix/store/2r583m9ngrisf9nx6i12fwvpr5g3as0i-govulncheck-1.5.0"
        }
      }
    },
    "just-lsp@latest": {
      "last_modified": "2026-06-27T07:37:20Z",
      "resolved": "github:NixOS/nixpkgs/3d46470bb3030020f7e1361f33514854f5bfa86d#just-lsp",
      "source": "devbox-search",
      "version": "0.4.7",
      "systems": {
        "aarch64-darwin": {
          "outputs": [
            {
              "name": "out",
              "path": "/nix/store/4ynkgpk4fwypi6vl0lcz3za1h33q43dx-just-lsp-0.4.7",
              "default": true
            }
          ],
          "store_path": "/nix/store/4ynkgpk4fwypi6vl0lcz3za1h33q43dx-just-lsp-0.4.7"
        },
        "aarch64-linux": {
          "outputs": [
            {
              "name": "out",
              "path": "/nix/store/c2h9r59g3h89hdjf2pvbxnphf76ixmjf-just-lsp-0.4.7",
              "default": true
            }
          ],
          "store_path": "/nix/store/c2h9r59g3h89hdjf2pvbxnphf76ixmjf-just-lsp-0.4.7"
        },
        "x86_64-darwin": {
          "outputs": [
            {
              "name": "out",
              "path": "/nix/store/ndv9gg74bncr4ivahprvg22x6y0ijiqc-just-lsp-0.4.7",
              "default": true
            }
          ],
          "store_path": "/nix/store/ndv9gg74bncr4ivahprvg22x6y0ijiqc-just-lsp-0.4.7"
        },
        "x86_64-linux": {
          "outputs": [
            {
              "name": "out",
              "path": "/nix/store/f5658yf42dd72mqjq0ikpg1jlhpvhld3-just-lsp-0.4.7",
              "default": true
            }
          ],
          "store_path": "/nix/store/f5658yf42dd72mqjq0ikpg1jlhpvhld3-just-lsp-0.4.7"
        }
      }
    },
    "just@latest": {
      "last_modified": "2026-06-27T07:37:20Z",
      "resolved": "github:NixOS/nixpkgs/3d46470bb3030020f7e1361f33514854f5bfa86d#just",
      "source": "devbox-search",
      "version": "1.54.0",
      "systems": {
        "aarch64-darwin": {
          "outputs": [
            {
              "name": "out",
              "path": "/nix/store/gdbxf7azmrwyr00k313r888rw3gr6mfd-just-1.54.0",
              "default": true
            },
            {
              "name": "man",
              "path": "/nix/store/y0476rym2901gafsxcr29w07778qdbf5-just-1.54.0-man",
              "default": true
            },
            {
              "name": "doc",
              "path": "/nix/store/viaamsidc2a6i9hsk7sslcin5ccisiba-just-1.54.0-doc"
            }
          ],
          "store_path": "/nix/store/gdbxf7azmrwyr00k313r888rw3gr6mfd-just-1.54.0"
        },
        "aarch64-linux": {
          "outputs": [
            {
              "name": "out",
              "path": "/nix/store/gbw1366v4d2hp3lffvz3k4bvig8h79vp-just-1.54.0",
              "default": true
            },
            {
              "name": "man",
              "path": "/nix/store/fsx5gcfax6fhhyb1cxq2a6r6qn7604wd-just-1.54.0-man",
              "default": true
            },
            {
              "name": "doc",
              "path": "/nix/store/vakwrh7cdzs3c7rklgbz3r0ivdd7v6dq-just-1.54.0-doc"
            }
          ],
          "store_path": "/nix/store/gbw1366v4d2hp3lffvz3k4bvig8h79vp-just-1.54.0"
        },
        "x86_64-darwin": {
          "outputs": [
            {
              "name": "out",
              "path": "/nix/store/qlms9i3zdsqpfwmdslpkl2xdcs6k76ba-just-1.54.0",
              "default": true
            },
            {
              "name": "man",
              "path": "/nix/store/x78s7737cb11q36isfcd11h24jff2h2p-just-1.54.0-man",
              "default": true
            },
            {
              "name": "doc",
              "path": "/nix/store/br88ib3kmmiydm96k4c2m4nnmrgq3zcj-just-1.54.0-doc"
            }
          ],
          "store_path": "/nix/store/qlms9i3zdsqpfwmdslpkl2xdcs6k76ba-just-1.54.0"
        },
        "x86_64-linux": {
          "outputs": [
            {
              "name": "out",
              "path": "/nix/store/jkvmgfmklm7q60sd4jl56h0315kbgi27-just-1.54.0",
              "default": true
            },
            {
              "name": "man",
              "path": "/nix/store/8y75gr1mhidc6b7x56kalk5ydqni9bf4-just-1.54.0-man",
              "default": true
            },
            {
              "name": "doc",
              "path": "/nix/store/ghqfn9gcdravrniw7iacpb46g00wf1fk-just-1.54.0-doc"
            }
          ],
          "store_path": "/nix/store/jkvmgfmklm7q60sd4jl56h0315kbgi27-just-1.54.0"
        }
      }
    },
    "ko@latest": {
      "last_modified": "2026-06-27T07:37:20Z",
      "resolved": "github:NixOS/nixpkgs/3d46470bb3030020f7e1361f33514854f5bfa86d#ko",
      "source": "devbox-search",
      "version": "0.18.1",
      "systems": {
        "aarch64-darwin": {
          "outputs": [
            {
              "name": "out",
              "path": "/nix/store/jmrd7z4bp2mzkskcsq0kns4mjkrnj19w-ko-0.18.1",
              "default": true
            }
          ],
          "store_path": "/nix/store/jmrd7z4bp2mzkskcsq0kns4mjkrnj19w-ko-0.18.1"
        },
        "aarch64-linux": {
          "outputs": [
            {
              "name": "out",
              "path": "/nix/store/n8szr60a7kzajvb9dlhh92wx7ckly7wj-ko-0.18.1",
              "default": true
            }
          ],
          "store_path": "/nix/store/n8szr60a7kzajvb9dlhh92wx7ckly7wj-ko-0.18.1"
        },
        "x86_64-darwin": {
          "outputs": [
            {
              "name": "out",
              "path": "/nix/store/43fxdqg3pjhp96rnj530x6rnz6xp7jyj-ko-0.18.1",
              "default": true
            }
          ],
          "store_path": "/nix/store/43fxdqg3pjhp96rnj530x6rnz6xp7jyj-ko-0.18.1"
        },
        "x86_64-linux": {
          "outputs": [
            {
              "name": "out",
              "path": "/nix/store/ay2zcyb5hpx24sq52kafzwjv5z702bwg-ko-0.18.1",
              "default": true
            }
          ],
          "store_path": "/nix/store/ay2zcyb5hpx24sq52kafzwjv5z702bwg-ko-0.18.1"
        }
      }
    },
    "kubernetes-helm@latest": {
      "last_modified": "2026-06-27T07:37:20Z",
      "resolved": "github:NixOS/nixpkgs/3d46470bb3030020f7e1361f33514854f5bfa86d#kubernetes-helm",
      "source": "devbox-search",
      "version": "4.2.2",
      "systems": {
        "aarch64-darwin": {
          "outputs": [
            {
              "name": "out",
              "path": "/nix/store/0lgmnlz0r7x05r4jpxzpcwnhni35i3wg-kubernetes-helm-4.2.2",
              "default": true
            }
          ],
          "store_path": "/nix/store/0lgmnlz0r7x05r4jpxzpcwnhni35i3wg-kubernetes-helm-4.2.2"
        },
        "aarch64-linux": {
          "outputs": [
            {
              "name": "out",
              "path": "/nix/store/pllrya7h5i20i9r5hfrbfjzkmw4xjffp-kubernetes-helm-4.2.2",
              "default": true
            }
          ],
          "store_path": "/nix/store/pllrya7h5i20i9r5hfrbfjzkmw4xjffp-kubernetes-helm-4.2.2"
        },
        "x86_64-darwin": {
          "outputs": [
            {
              "name": "out",
              "path": "/nix/store/39fam1y2h1hkc9aw6g4pialvjxbvyx7n-kubernetes-helm-4.2.2",
              "default": true
            }
          ],
          "store_path": "/nix/store/39fam1y2h1hkc9aw6g4pialvjxbvyx7n-kubernetes-helm-4.2.2"
        },
        "x86_64-linux": {
          "outputs": [
            {
              "name": "out",
              "path": "/nix/store/ddbnas115nhfl91ypa7sfi5zhhnrnyfy-kubernetes-helm-4.2.2",
              "default": true
            }
          ],
          "store_path": "/nix/store/ddbnas115nhfl91ypa7sfi5zhhnrnyfy-kubernetes-helm-4.2.2"
        }
      }
    }
  }
}
