{
  "lockfile_version": "1",
  "packages": {
    "github:NixOS/nixpkgs/nixpkgs-unstable": {
      "last_modified": "2026-08-22T02:12:10Z",
      "resolved": "github:NixOS/nixpkgs/a831408e6378bc02ebf8cc09b52c96ca86f6bab4?lastModified=1787364730"
    },
    "go@latest": {
      "last_modified": "2026-08-12T11:28:58Z",
      "resolved": "github:NixOS/nixpkgs/044bfe75bfe4c7bbe043dc17b5e42ea823b84a09#go",
      "source": "devbox-search",
      "version": "1.26.5",
      "systems": {
        "aarch64-darwin": {
          "outputs": [
            {
              "name": "out",
              "path": "/nix/store/4im44k446822ixjai0mdaizqskc90qxr-go-1.26.5",
              "default": true
            }
          ],
          "store_path": "/nix/store/4im44k446822ixjai0mdaizqskc90qxr-go-1.26.5"
        },
        "aarch64-linux": {
          "outputs": [
            {
              "name": "out",
              "path": "/nix/store/yjifjy7qjzm9jli8xhzwy3y6fzw84405-go-1.26.5",
              "default": true
            }
          ],
          "store_path": "/nix/store/yjifjy7qjzm9jli8xhzwy3y6fzw84405-go-1.26.5"
        },
        "x86_64-linux": {
          "outputs": [
            {
              "name": "out",
              "path": "/nix/store/xrgn6m0c5vbz06467q06zdwnk6qqdl7z-go-1.26.5",
              "default": true
            }
          ],
          "store_path": "/nix/store/xrgn6m0c5vbz06467q06zdwnk6qqdl7z-go-1.26.5"
        }
      }
    },
    "golangci-lint@latest": {
      "last_modified": "2026-08-12T11:28:58Z",
      "resolved": "github:NixOS/nixpkgs/044bfe75bfe4c7bbe043dc17b5e42ea823b84a09#golangci-lint",
      "source": "devbox-search",
      "version": "2.12.2",
      "systems": {
        "aarch64-darwin": {
          "outputs": [
            {
              "name": "out",
              "path": "/nix/store/cqawpcdr4iif6g81i9flza941zxzgac5-golangci-lint-2.12.2",
              "default": true
            }
          ],
          "store_path": "/nix/store/cqawpcdr4iif6g81i9flza941zxzgac5-golangci-lint-2.12.2"
        },
        "aarch64-linux": {
          "outputs": [
            {
              "name": "out",
              "path": "/nix/store/dyiky0qyz8p8z3c54rz5z2qdwbrf05c7-golangci-lint-2.12.2",
              "default": true
            }
          ],
          "store_path": "/nix/store/dyiky0qyz8p8z3c54rz5z2qdwbrf05c7-golangci-lint-2.12.2"
        },
        "x86_64-darwin": {
          "outputs": [
            {
              "name": "out",
              "path": "/nix/store/w8c3i6vmxnnj0xixvjsa9lva3rcd2rvs-golangci-lint-2.12.2",
              "default": true
            }
          ],
          "store_path": "/nix/store/w8c3i6vmxnnj0xixvjsa9lva3rcd2rvs-golangci-lint-2.12.2"
        },
        "x86_64-linux": {
          "outputs": [
            {
              "name": "out",
              "path": "/nix/store/yl3hlickshlf7smf4iql5lalmhi6hhqg-golangci-lint-2.12.2",
              "default": true
            }
          ],
          "store_path": "/nix/store/yl3hlickshlf7smf4iql5lalmhi6hhqg-golangci-lint-2.12.2"
        }
      }
    },
    "gopls@latest": {
      "last_modified": "2026-08-12T11:28:58Z",
      "resolved": "github:NixOS/nixpkgs/044bfe75bfe4c7bbe043dc17b5e42ea823b84a09#gopls",
      "source": "devbox-search",
      "version": "0.23.0",
      "systems": {
        "aarch64-darwin": {
          "outputs": [
            {
              "name": "out",
              "path": "/nix/store/ih4dynl9axfjfx9mcb17bsa6d2ppwl2w-gopls-0.23.0",
              "default": true
            }
          ],
          "store_path": "/nix/store/ih4dynl9axfjfx9mcb17bsa6d2ppwl2w-gopls-0.23.0"
        },
        "aarch64-linux": {
          "outputs": [
            {
              "name": "out",
              "path": "/nix/store/b8gpfw0a4r0s5hs5sf9a131spj2plp4m-gopls-0.23.0",
              "default": true
            }
          ],
          "store_path": "/nix/store/b8gpfw0a4r0s5hs5sf9a131spj2plp4m-gopls-0.23.0"
        },
        "x86_64-linux": {
          "outputs": [
            {
              "name": "out",
              "path": "/nix/store/nbh37dldyzxvw6076yj8b798qk6c0prl-gopls-0.23.0",
              "default": true
            }
          ],
          "store_path": "/nix/store/nbh37dldyzxvw6076yj8b798qk6c0prl-gopls-0.23.0"
        }
      }
    },
    "goreleaser@latest": {
      "last_modified": "2026-08-12T11:28:58Z",
      "resolved": "github:NixOS/nixpkgs/044bfe75bfe4c7bbe043dc17b5e42ea823b84a09#goreleaser",
      "source": "devbox-search",
      "version": "2.17.1",
      "systems": {
        "aarch64-darwin": {
          "outputs": [
            {
              "name": "out",
              "path": "/nix/store/f0zjyyfqgkbpv4ciz7msndr6qv7z15cc-goreleaser-2.17.1",
              "default": true
            }
          ],
          "store_path": "/nix/store/f0zjyyfqgkbpv4ciz7msndr6qv7z15cc-goreleaser-2.17.1"
        },
        "aarch64-linux": {
          "outputs": [
            {
              "name": "out",
              "path": "/nix/store/n63mkxk6ig4cb3rxy6l6qvgiyld2dp7x-goreleaser-2.17.1",
              "default": true
            }
          ],
          "store_path": "/nix/store/n63mkxk6ig4cb3rxy6l6qvgiyld2dp7x-goreleaser-2.17.1"
        },
        "x86_64-linux": {
          "outputs": [
            {
              "name": "out",
              "path": "/nix/store/l4j646ybpp1v7yfp25l74fhmcya2qsfq-goreleaser-2.17.1",
              "default": true
            }
          ],
          "store_path": "/nix/store/l4j646ybpp1v7yfp25l74fhmcya2qsfq-goreleaser-2.17.1"
        }
      }
    },
    "govulncheck@latest": {
      "last_modified": "2026-08-14T06:48:10Z",
      "resolved": "github:NixOS/nixpkgs/f2b17eb1b90f6a359082035b4538d4c63017aec3#govulncheck",
      "source": "devbox-search",
      "version": "1.7.0",
      "systems": {
        "aarch64-darwin": {
          "outputs": [
            {
              "name": "out",
              "path": "/nix/store/5i4arpcylxk54qynfw8lpqlr1lis8669-govulncheck-1.7.0",
              "default": true
            }
          ],
          "store_path": "/nix/store/5i4arpcylxk54qynfw8lpqlr1lis8669-govulncheck-1.7.0"
        },
        "aarch64-linux": {
          "outputs": [
            {
              "name": "out",
              "path": "/nix/store/ci5ky6aq7bqcvssgwv481hcijg2kwcad-govulncheck-1.7.0",
              "default": true
            }
          ],
          "store_path": "/nix/store/ci5ky6aq7bqcvssgwv481hcijg2kwcad-govulncheck-1.7.0"
        },
        "x86_64-linux": {
          "outputs": [
            {
              "name": "out",
              "path": "/nix/store/2kk1wcd3qgvwybm1cqwxcxhy74k7d1d6-govulncheck-1.7.0",
              "default": true
            }
          ],
          "store_path": "/nix/store/2kk1wcd3qgvwybm1cqwxcxhy74k7d1d6-govulncheck-1.7.0"
        }
      }
    },
    "just-lsp@latest": {
      "last_modified": "2026-08-17T10:51:46Z",
      "resolved": "github:NixOS/nixpkgs/f4b6996c4e8b9ee06ce147ec344c885f51071b14#just-lsp",
      "source": "devbox-search",
      "version": "0.6.2",
      "systems": {
        "aarch64-darwin": {
          "outputs": [
            {
              "name": "out",
              "path": "/nix/store/40r5k4jrq5i8bnjfm4l5kx2r704gjn80-just-lsp-0.6.2",
              "default": true
            }
          ],
          "store_path": "/nix/store/40r5k4jrq5i8bnjfm4l5kx2r704gjn80-just-lsp-0.6.2"
        },
        "aarch64-linux": {
          "outputs": [
            {
              "name": "out",
              "path": "/nix/store/5qsm7fglasvy48kzxf14azsbqd8ys0jw-just-lsp-0.6.2",
              "default": true
            }
          ],
          "store_path": "/nix/store/5qsm7fglasvy48kzxf14azsbqd8ys0jw-just-lsp-0.6.2"
        },
        "x86_64-linux": {
          "outputs": [
            {
              "name": "out",
              "path": "/nix/store/qp159lcf1ggbnc5802yawgipibvrmlc8-just-lsp-0.6.2",
              "default": true
            }
          ],
          "store_path": "/nix/store/qp159lcf1ggbnc5802yawgipibvrmlc8-just-lsp-0.6.2"
        }
      }
    },
    "just@latest": {
      "last_modified": "2026-08-12T11:28:58Z",
      "resolved": "github:NixOS/nixpkgs/044bfe75bfe4c7bbe043dc17b5e42ea823b84a09#just",
      "source": "devbox-search",
      "version": "1.58.0",
      "systems": {
        "aarch64-darwin": {
          "outputs": [
            {
              "name": "out",
              "path": "/nix/store/81jjd00c3favpnbqykknj8b38xv3xwag-just-1.58.0",
              "default": true
            },
            {
              "name": "man",
              "path": "/nix/store/prvq39qv9jhvxmc0x680llzi9yhdhxf2-just-1.58.0-man",
              "default": true
            },
            {
              "name": "doc",
              "path": "/nix/store/l0921qb0dmgqf7lv8wkrgnh9hwy45ilb-just-1.58.0-doc"
            }
          ],
          "store_path": "/nix/store/81jjd00c3favpnbqykknj8b38xv3xwag-just-1.58.0"
        },
        "aarch64-linux": {
          "outputs": [
            {
              "name": "out",
              "path": "/nix/store/25882ybvr2ynzgjmkzg65ajpk5pj0s9m-just-1.58.0",
              "default": true
            },
            {
              "name": "man",
              "path": "/nix/store/z6hgngkqhidw2rzmwssf5x4wa7043rpn-just-1.58.0-man",
              "default": true
            },
            {
              "name": "doc",
              "path": "/nix/store/qz7crf5iz73jmzs879hw4vnr62ilh4z1-just-1.58.0-doc"
            }
          ],
          "store_path": "/nix/store/25882ybvr2ynzgjmkzg65ajpk5pj0s9m-just-1.58.0"
        },
        "x86_64-linux": {
          "outputs": [
            {
              "name": "out",
              "path": "/nix/store/ni2dxycnhsp34y4qy6q44nw6pp6bj0l0-just-1.58.0",
              "default": true
            },
            {
              "name": "man",
              "path": "/nix/store/q3qkl9qssss7df0kj0p15an4rg95f5bs-just-1.58.0-man",
              "default": true
            },
            {
              "name": "doc",
              "path": "/nix/store/wwvfc48y4iiavjys7mf5ixnqh0gil0r8-just-1.58.0-doc"
            }
          ],
          "store_path": "/nix/store/ni2dxycnhsp34y4qy6q44nw6pp6bj0l0-just-1.58.0"
        }
      }
    },
    "ko@latest": {
      "last_modified": "2026-08-12T11:28:58Z",
      "resolved": "github:NixOS/nixpkgs/044bfe75bfe4c7bbe043dc17b5e42ea823b84a09#ko",
      "source": "devbox-search",
      "version": "0.19.1",
      "systems": {
        "aarch64-darwin": {
          "outputs": [
            {
              "name": "out",
              "path": "/nix/store/p3162qgkgx3iynij02pzkad1dpy4mpjc-ko-0.19.1",
              "default": true
            }
          ],
          "store_path": "/nix/store/p3162qgkgx3iynij02pzkad1dpy4mpjc-ko-0.19.1"
        },
        "aarch64-linux": {
          "outputs": [
            {
              "name": "out",
              "path": "/nix/store/gdpf5slhwfqj3q684gi5qnmly4p32f3m-ko-0.19.1",
              "default": true
            }
          ],
          "store_path": "/nix/store/gdpf5slhwfqj3q684gi5qnmly4p32f3m-ko-0.19.1"
        },
        "x86_64-darwin": {
          "outputs": [
            {
              "name": "out",
              "path": "/nix/store/1f5j1chicqia1cz9ycgjbd25pbmc61as-ko-0.19.1",
              "default": true
            }
          ],
          "store_path": "/nix/store/1f5j1chicqia1cz9ycgjbd25pbmc61as-ko-0.19.1"
        },
        "x86_64-linux": {
          "outputs": [
            {
              "name": "out",
              "path": "/nix/store/2809nqqmnz6525g0glhxi324b67dkl5m-ko-0.19.1",
              "default": true
            }
          ],
          "store_path": "/nix/store/2809nqqmnz6525g0glhxi324b67dkl5m-ko-0.19.1"
        }
      }
    },
    "kubernetes-helm@latest": {
      "last_modified": "2026-08-14T06:48:10Z",
      "resolved": "github:NixOS/nixpkgs/f2b17eb1b90f6a359082035b4538d4c63017aec3#kubernetes-helm",
      "source": "devbox-search",
      "version": "4.2.4",
      "systems": {
        "aarch64-darwin": {
          "outputs": [
            {
              "name": "out",
              "path": "/nix/store/zzbd5kzhdq4xh99ykhmsk9gdr3sgsdv4-kubernetes-helm-4.2.4",
              "default": true
            }
          ],
          "store_path": "/nix/store/zzbd5kzhdq4xh99ykhmsk9gdr3sgsdv4-kubernetes-helm-4.2.4"
        },
        "aarch64-linux": {
          "outputs": [
            {
              "name": "out",
              "path": "/nix/store/m15s22fr1c74qc24bqsi14zmvmh3wa02-kubernetes-helm-4.2.4",
              "default": true
            }
          ],
          "store_path": "/nix/store/m15s22fr1c74qc24bqsi14zmvmh3wa02-kubernetes-helm-4.2.4"
        },
        "x86_64-linux": {
          "outputs": [
            {
              "name": "out",
              "path": "/nix/store/g48g9scy4mz49kwjsy0fb9kkbspvkcfi-kubernetes-helm-4.2.4",
              "default": true
            }
          ],
          "store_path": "/nix/store/g48g9scy4mz49kwjsy0fb9kkbspvkcfi-kubernetes-helm-4.2.4"
        }
      }
    }
  }
}
